
Microsoft Visual Studio Solution File, Format Version 12.00
# Visual Studio Version 16
VisualStudioVersion = 16.0.30621.155
MinimumVisualStudioVersion = 10.0.40219.1
Project("{FAE04EC0-301F-11D3-BF4B-00C04F79EFBC}") = "ZenStatesDLL", "ZenStatesDLL.csproj", "{BE33F78A-6E19-4741-A3D2-E3CECE0A6D15}"
EndProject
Global
	GlobalSection(SolutionConfigurationPlatforms) = preSolution
		Debug|Any CPU = Debug|Any CPU
		Release|Any CPU = Release|Any CPU
	EndGlobalSection
	GlobalSection(ProjectConfigurationPlatforms) = postSolution
		{BE33F78A-6E19-4741-A3D2-E3CECE0A6D15}.Debug|Any CPU.ActiveCfg = Debug|Any CPU
		{BE33F78A-6E19-4741-A3D2-E3CECE0A6D15}.Debug|Any CPU.Build.0 = Debug|Any CPU
		{BE33F78A-6E19-4741-A3D2-E3CECE0A6D15}.Release|Any CPU.ActiveCfg = Release|Any CPU
		{BE33F78A-6E19-4741-A3D2-E3CECE0A6D15}.Release|Any CPU.Build.0 = Release|Any CPU
	EndGlobalSection
	GlobalSection(SolutionProperties) = preSolution
		HideSolutionNode = FALSE
	EndGlobalSection
	GlobalSection(ExtensibilityGlobals) = postSolution
		SolutionGuid = {FFBAF58F-BC3D-4910-8C90-2E44269F89F1}
	EndGlobalSection
EndGlobal
